
Microsoft Visual Studio Solution File, Format Version 12.00
# Visual Studio 15
VisualStudioVersion = 15.0.27703.2035
MinimumVisualStudioVersion = 10.0.40219.1
Project("{FAE04EC0-301F-11D3-BF4B-00C04F79EFBC}") = "CodeDome_roberta", "CodeDome_roberta\CodeDome_roberta.csproj", "{0E561C64-0257-4186-B3A3-4BE014B784A7}"
EndProject
Global
	GlobalSection(SolutionConfigurationPlatforms) = preSolution
		Debug|Any CPU = Debug|Any CPU
		Release|Any CPU = Release|Any CPU
	EndGlobalSection
	GlobalSection(ProjectConfigurationPlatforms) = postSolution
		{0E561C64-0257-4186-B3A3-4BE014B784A7}.Debug|Any CPU.ActiveCfg = Debug|Any CPU
		{0E561C64-0257-4186-B3A3-4BE014B784A7}.Debug|Any CPU.Build.0 = Debug|Any CPU
		{0E561C64-0257-4186-B3A3-4BE014B784A7}.Release|Any CPU.ActiveCfg = Release|Any CPU
		{0E561C64-0257-4186-B3A3-4BE014B784A7}.Release|Any CPU.Build.0 = Release|Any CPU
	EndGlobalSection
	GlobalSection(SolutionProperties) = preSolution
		HideSolutionNode = FALSE
	EndGlobalSection
	GlobalSection(ExtensibilityGlobals) = postSolution
		SolutionGuid = {0A0D5D72-A8EC-489C-B825-B30E1895A8A1}
	EndGlobalSection
EndGlobal
